{
  "lockfile_version": "1",
  "packages": {
    "github:NixOS/nixpkgs/nixpkgs-unstable": {
      "last_modified": "2026-05-12T01:56:55Z",
      "resolved": "github:NixOS/nixpkgs/0a0bf409f3593f415d0a554f33acc63dc7dccb43?lastModified=1778551015&narHash=sha256-j299xXVjlKs5WtVkKSgEXZGvpTTw5X2iWwKs4KWv%2FAg%3D"
    },
    "ruby@3.4": {
      "last_modified": "2026-04-23T13:07:47Z",
      "plugin_version": "0.0.2",
      "resolved": "github:NixOS/nixpkgs/01fbdeef22b76df85ea168fbfe1bfd9e63681b30#ruby",
      "source": "devbox-search",
      "version": "3.4.9",
      "systems": {
        "aarch64-darwin": {
          "outputs": [
            {
              "name": "out",
              "path": "/nix/store/l7m1shyp6zm26pz8lrjwc9mmzf5hd0b1-ruby-3.4.9",
              "default": true
            },
            {
              "name": "devdoc",
              "path": "/nix/store/a6bf937482lmqpm4hb4idjdhllzrxvwy-ruby-3.4.9-devdoc"
            }
          ],
          "store_path": "/nix/store/l7m1shyp6zm26pz8lrjwc9mmzf5hd0b1-ruby-3.4.9"
        },
        "aarch64-linux": {
          "outputs": [
            {
              "name": "out",
              "path": "/nix/store/vhdwhqmlh393ga4ypksfsn3h39qpzr85-ruby-3.4.9",
              "default": true
            },
            {
              "name": "devdoc",
              "path": "/nix/store/vkgcackmj3dg5329qjyv2jliiyf0lvi6-ruby-3.4.9-devdoc"
            }
          ],
          "store_path": "/nix/store/vhdwhqmlh393ga4ypksfsn3h39qpzr85-ruby-3.4.9"
        },
        "x86_64-darwin": {
          "outputs": [
            {
              "name": "out",
              "path": "/nix/store/kjfhb2462wk3ll1k0s2ywxdi61kp4x2p-ruby-3.4.9",
              "default": true
            },
            {
              "name": "devdoc",
              "path": "/nix/store/cg5g2pjycs4isnpfj5c01sdyxwhbf7i4-ruby-3.4.9-devdoc"
            }
          ],
          "store_path": "/nix/store/kjfhb2462wk3ll1k0s2ywxdi61kp4x2p-ruby-3.4.9"
        },
        "x86_64-linux": {
          "outputs": [
            {
              "name": "out",
              "path": "/nix/store/h8gjfxvqyixz0gczhdfyfmq2iv0vwccj-ruby-3.4.9",
              "default": true
            },
            {
              "name": "devdoc",
              "path": "/nix/store/0cmg0a203hcwyf9jfch3g6njyfyiwahd-ruby-3.4.9-devdoc"
            }
          ],
          "store_path": "/nix/store/h8gjfxvqyixz0gczhdfyfmq2iv0vwccj-ruby-3.4.9"
        }
      }
    }
  }
}
